{
    "_readme": [
        "This file locks the dependencies of your project to a known state",
        "Read more about it at https://getcomposer.org/doc/01-basic-usage.md#composer-lock-the-lock-file",
        "This file is @generated automatically"
    ],
    "hash": "7cfb10e806220f4a0d87f07aee624140",
    "content-hash": "ca17b0fe8f636b90b5419421ae96cd2e",
    "packages": [
        {
            "name": "guzzlehttp/psr7",
            "version": "dev-server-request",
            "source": {
                "type": "git",
                "url": "https://github.com/ivank/psr7.git",
                "reference": "e1cc9b8b183e74016c0458e36ad76392520b91b8"
            },
            "dist": {
                "type": "zip",
                "url": "https://api.github.com/repos/ivank/psr7/zipball/e1cc9b8b183e74016c0458e36ad76392520b91b8",
                "reference": "e1cc9b8b183e74016c0458e36ad76392520b91b8",
                "shasum": ""
            },
            "require": {
                "php": ">=5.4.0",
                "psr/http-message": "~1.0"
            },
            "provide": {
                "psr/http-message-implementation": "1.0"
            },
            "require-dev": {
                "phpunit/phpunit": "~4.0"
            },
            "type": "library",
            "extra": {
                "branch-alias": {
                    "dev-master": "1.0-dev"
                }
            },
            "autoload": {
                "psr-4": {
                    "GuzzleHttp\\Psr7\\": "src/"
                },
                "files": [
                    "src/functions_include.php"
                ]
            },
            "license": [
                "MIT"
            ],
            "authors": [
                {
                    "name": "Michael Dowling",
                    "email": "mtdowling@gmail.com",
                    "homepage": "https://github.com/mtdowling"
                }
            ],
            "description": "PSR-7 message implementation",
            "keywords": [
                "http",
                "message",
                "stream",
                "uri"
            ],
            "support": {
                "source": "https://github.com/ivank/psr7/tree/server-request"
            },
            "time": "2015-12-28 18:44:34"
        },
        {
            "name": "psr/http-message",
            "version": "1.0",
            "source": {
                "type": "git",
                "url": "https://github.com/php-fig/http-message.git",
                "reference": "85d63699f0dbedb190bbd4b0d2b9dc707ea4c298"
            },
            "dist": {
                "type": "zip",
                "url": "https://api.github.com/repos/php-fig/http-message/zipball/85d63699f0dbedb190bbd4b0d2b9dc707ea4c298",
                "reference": "85d63699f0dbedb190bbd4b0d2b9dc707ea4c298",
                "shasum": ""
            },
            "require": {
                "php": ">=5.3.0"
            },
            "type": "library",
            "extra": {
                "branch-alias": {
                    "dev-master": "1.0.x-dev"
                }
            },
            "autoload": {
                "psr-4": {
                    "Psr\\Http\\Message\\": "src/"
                }
            },
            "notification-url": "https://packagist.org/downloads/",
            "license": [
                "MIT"
            ],
            "authors": [
                {
                    "name": "PHP-FIG",
                    "homepage": "http://www.php-fig.org/"
                }
            ],
            "description": "Common interface for HTTP messages",
            "keywords": [
                "http",
                "http-message",
                "psr",
                "psr-7",
                "request",
                "response"
            ],
            "time": "2015-05-04 20:22:00"
        },
        {
            "name": "spiderling-php/spiderling",
            "version": "dev-master",
            "source": {
                "type": "git",
                "url": "https://github.com/spiderling-php/spiderling.git",
                "reference": "9e3cb6642ba8a2ff6b546c7da66529dac368e3cd"
            },
            "dist": {
                "type": "zip",
                "url": "https://api.github.com/repos/spiderling-php/spiderling/zipball/9e3cb6642ba8a2ff6b546c7da66529dac368e3cd",
                "reference": "9e3cb6642ba8a2ff6b546c7da66529dac368e3cd",
                "shasum": ""
            },
            "require": {
                "guzzlehttp/psr7": "^1.0",
                "symfony/css-selector": "^2.3"
            },
            "require-dev": {
                "spiderling-php/phpunit-matches-selector": "^0.2"
            },
            "type": "library",
            "autoload": {
                "psr-4": {
                    "SP\\Spiderling\\": "src/"
                }
            },
            "notification-url": "https://packagist.org/downloads/",
            "license": [
                "BSD-3-Clause"
            ],
            "authors": [
                {
                    "name": "Ivan Kerin",
                    "email": "ikerin@gmail.com",
                    "role": "Author"
                }
            ],
            "description": "Browser emulator, for crawling web pages",
            "time": "2015-12-28 12:21:42"
        },
        {
            "name": "symfony/css-selector",
            "version": "v2.8.1",
            "source": {
                "type": "git",
                "url": "https://github.com/symfony/css-selector.git",
                "reference": "eaa3320e32f09a01dc432c6efbe8051aee59cfef"
            },
            "dist": {
                "type": "zip",
                "url": "https://api.github.com/repos/symfony/css-selector/zipball/eaa3320e32f09a01dc432c6efbe8051aee59cfef",
                "reference": "eaa3320e32f09a01dc432c6efbe8051aee59cfef",
                "shasum": ""
            },
            "require": {
                "php": ">=5.3.9"
            },
            "type": "library",
            "extra": {
                "branch-alias": {
                    "dev-master": "2.8-dev"
                }
            },
            "autoload": {
                "psr-4": {
                    "Symfony\\Component\\CssSelector\\": ""
                },
                "exclude-from-classmap": [
                    "/Tests/"
                ]
            },
            "notification-url": "https://packagist.org/downloads/",
            "license": [
                "MIT"
            ],
            "authors": [
                {
                    "name": "Jean-François Simon",
                    "email": "jeanfrancois.simon@sensiolabs.com"
                },
                {
                    "name": "Fabien Potencier",
                    "email": "fabien@symfony.com"
                },
                {
                    "name": "Symfony Community",
                    "homepage": "https://symfony.com/contributors"
                }
            ],
            "description": "Symfony CssSelector Component",
            "homepage": "https://symfony.com",
            "time": "2015-12-05 17:37:59"
        }
    ],
    "packages-dev": [
        {
            "name": "spiderling-php/phpunit-matches-selector",
            "version": "0.2.0",
            "source": {
                "type": "git",
                "url": "https://github.com/spiderling-php/phpunit-matches-selector.git",
                "reference": "4f8cd3ecd05b27dd232677d72d6e8aaddfa85531"
            },
            "dist": {
                "type": "zip",
                "url": "https://api.github.com/repos/spiderling-php/phpunit-matches-selector/zipball/4f8cd3ecd05b27dd232677d72d6e8aaddfa85531",
                "reference": "4f8cd3ecd05b27dd232677d72d6e8aaddfa85531",
                "shasum": ""
            },
            "require-dev": {
                "symfony/css-selector": "^2.3"
            },
            "type": "library",
            "autoload": {
                "psr-4": {
                    "SP\\PhpunitDomConstraints\\": "src/",
                    "SP\\PhpunitDomConstraints\\Test\\": "tests/src/"
                }
            },
            "notification-url": "https://packagist.org/downloads/",
            "license": [
                "BSD-3-Clause"
            ],
            "authors": [
                {
                    "name": "Ivan Kerin",
                    "email": "ikerin@gmail.com",
                    "role": "Author"
                }
            ],
            "description": "PHPUnit extension for asserting if a dom element matches a given css selector",
            "time": "2015-09-18 07:22:33"
        }
    ],
    "aliases": [
        {
            "alias": "1.3",
            "alias_normalized": "1.3.0.0",
            "version": "dev-server-request",
            "package": "guzzlehttp/psr7"
        }
    ],
    "minimum-stability": "stable",
    "stability-flags": {
        "spiderling-php/spiderling": 20,
        "guzzlehttp/psr7": 20
    },
    "prefer-stable": false,
    "prefer-lowest": false,
    "platform": [],
    "platform-dev": []
}
